{
    "_meta": {
        "hash": {
            "sha256": "7caab6a367d5f598a1886cc5f356b83903b7bf27b0ff110ef51358fdd7da1c79"
        },
        "pipfile-spec": 6,
        "requires": {
            "python_version": "3.6"
        },
        "sources": [
            {
                "name": "pypi",
                "url": "https://pypi.org/simple",
                "verify_ssl": true
            }
        ]
    },
    "default": {
        "texttable": {
            "hashes": [
                "sha256:2b60a5304ccfbeac80ffae7350d7c2f5d7a24e9aab5036d0f82489746419d9b2"
            ],
            "index": "pypi",
            "version": "==1.6.1"
        }
    },
    "develop": {}
}
